
Microsoft Visual Studio Solution File, Format Version 12.00
# Visual Studio Version 17
VisualStudioVersion = 17.9.34701.34
MinimumVisualStudioVersion = 10.0.40219.1
Project("{9A19103F-16F7-4668-BE54-9A1E7A4F7556}") = "EJ1 maximo-minimo-promedio", "EJ1\EJ1 maximo-minimo-promedio.csproj", "{158990E2-A22F-4AA4-AE59-93A8DFBC19D3}"
EndProject
Project("{9A19103F-16F7-4668-BE54-9A1E7A4F7556}") = "EJ2 error-al-cubo", "EJ2\EJ2 error-al-cubo.csproj", "{4FAC1AF2-0168-4255-8FA2-74664A418E86}"
EndProject
Project("{9A19103F-16F7-4668-BE54-9A1E7A4F7556}") = "EJ3 Los primos", "EJ3 Los primos\EJ3 Los primos.csproj", "{8EA40DE1-44C7-4DEE-9E4D-54323E40C43C}"
EndProject
Project("{2150E333-8FDC-42A3-9474-1A3956D46DE8}") = "Introduccion a .NET y C#", "Introduccion a .NET y C#", "{353FDC1C-8DD0-4400-83B7-6E2C0DE80BBA}"
EndProject
Project("{9A19103F-16F7-4668-BE54-9A1E7A4F7556}") = "EJ4  Un-número-perfecto", "EJ3  Un-número-perfecto\EJ4  Un-número-perfecto.csproj", "{93873F63-898B-4067-9F93-A8E3DE1E78CB}"
EndProject
Project("{9A19103F-16F7-4668-BE54-9A1E7A4F7556}") = "Ejercicio5 Tirame-un-centro", "Ejercicio5\Ejercicio5 Tirame-un-centro.csproj", "{EBC1178F-66B0-4F2B-9582-9351FC4466E5}"
EndProject
Project("{2150E333-8FDC-42A3-9474-1A3956D46DE8}") = "Clases y Metodos estaticos", "Clases y Metodos estaticos", "{73EF33E3-DB8D-4BCF-AF6D-F95E2AAB2C55}"
EndProject
Project("{9A19103F-16F7-4668-BE54-9A1E7A4F7556}") = "Ejercicio I01 - Validador de rangos", "Ejercicio I01 - Validador de rangos\Ejercicio I01 - Validador de rangos.csproj", "{C09EF94A-4E0C-400D-9061-3EB1ACE5BE46}"
EndProject
Project("{9A19103F-16F7-4668-BE54-9A1E7A4F7556}") = "LibreriaEjercicio2", "LibreriaEjercicio2\LibreriaEjercicio2.csproj", "{1AB6544A-3C1A-4CB9-B552-CD52B0BD5A05}"
EndProject
Project("{9A19103F-16F7-4668-BE54-9A1E7A4F7556}") = "Ejercicio I02 - Desea continuar", "Ejercicio I02 - Desea continuar\Ejercicio I02 - Desea continuar.csproj", "{313B5A01-20F6-4A73-BFD6-50786D9FB9C5}"
EndProject
Project("{9A19103F-16F7-4668-BE54-9A1E7A4F7556}") = "LibreriaDePersonas", "LibreriaDePersonas\LibreriaDePersonas.csproj", "{1DDB2059-6A6A-48E6-822B-881A9A4D0942}"
EndProject
Project("{9A19103F-16F7-4668-BE54-9A1E7A4F7556}") = "Ejercio_02_personas", "Ejercio_02_personas\Ejercio_02_personas.csproj", "{6BE92EBC-852E-453A-8361-6F70D5C5637E}"
EndProject
Project("{9A19103F-16F7-4668-BE54-9A1E7A4F7556}") = "LibreriaDeConductores", "LibreriaDeConductores\LibreriaDeConductores.csproj", "{96D9F50B-EC6B-4560-A33C-0900F7399BA5}"
EndProject
Project("{9A19103F-16F7-4668-BE54-9A1E7A4F7556}") = "Ejercicio - A01", "Ejercicio - A01\Ejercicio - A01.csproj", "{74E08933-0395-45F7-9D30-473E6B7544AE}"
EndProject
Project("{2150E333-8FDC-42A3-9474-1A3956D46DE8}") = "Windows Forms", "Windows Forms", "{5FBADE38-6077-450E-8B0D-AA6059EDD3BD}"
EndProject
Project("{FAE04EC0-301F-11D3-BF4B-00C04F79EFBC}") = "HolaWindowsForms", "HolaWindowsForms\HolaWindowsForms.csproj", "{F03293C5-DF03-4534-980F-F63F81255EB7}"
EndProject
Global
	GlobalSection(SolutionConfigurationPlatforms) = preSolution
		Debug|Any CPU = Debug|Any CPU
		Release|Any CPU = Release|Any CPU
	EndGlobalSection
	GlobalSection(ProjectConfigurationPlatforms) = postSolution
		{158990E2-A22F-4AA4-AE59-93A8DFBC19D3}.Debug|Any CPU.ActiveCfg = Debug|Any CPU
		{158990E2-A22F-4AA4-AE59-93A8DFBC19D3}.Debug|Any CPU.Build.0 = Debug|Any CPU
		{158990E2-A22F-4AA4-AE59-93A8DFBC19D3}.Release|Any CPU.ActiveCfg = Release|Any CPU
		{158990E2-A22F-4AA4-AE59-93A8DFBC19D3}.Release|Any CPU.Build.0 = Release|Any CPU
		{4FAC1AF2-0168-4255-8FA2-74664A418E86}.Debug|Any CPU.ActiveCfg = Debug|Any CPU
		{4FAC1AF2-0168-4255-8FA2-74664A418E86}.Debug|Any CPU.Build.0 = Debug|Any CPU
		{4FAC1AF2-0168-4255-8FA2-74664A418E86}.Release|Any CPU.ActiveCfg = Release|Any CPU
		{4FAC1AF2-0168-4255-8FA2-74664A418E86}.Release|Any CPU.Build.0 = Release|Any CPU
		{8EA40DE1-44C7-4DEE-9E4D-54323E40C43C}.Debug|Any CPU.ActiveCfg = Debug|Any CPU
		{8EA40DE1-44C7-4DEE-9E4D-54323E40C43C}.Debug|Any CPU.Build.0 = Debug|Any CPU
		{8EA40DE1-44C7-4DEE-9E4D-54323E40C43C}.Release|Any CPU.ActiveCfg = Release|Any CPU
		{8EA40DE1-44C7-4DEE-9E4D-54323E40C43C}.Release|Any CPU.Build.0 = Release|Any CPU
		{93873F63-898B-4067-9F93-A8E3DE1E78CB}.Debug|Any CPU.ActiveCfg = Debug|Any CPU
		{93873F63-898B-4067-9F93-A8E3DE1E78CB}.Debug|Any CPU.Build.0 = Debug|Any CPU
		{93873F63-898B-4067-9F93-A8E3DE1E78CB}.Release|Any CPU.ActiveCfg = Release|Any CPU
		{93873F63-898B-4067-9F93-A8E3DE1E78CB}.Release|Any CPU.Build.0 = Release|Any CPU
		{EBC1178F-66B0-4F2B-9582-9351FC4466E5}.Debug|Any CPU.ActiveCfg = Debug|Any CPU
		{EBC1178F-66B0-4F2B-9582-9351FC4466E5}.Debug|Any CPU.Build.0 = Debug|Any CPU
		{EBC1178F-66B0-4F2B-9582-9351FC4466E5}.Release|Any CPU.ActiveCfg = Release|Any CPU
		{EBC1178F-66B0-4F2B-9582-9351FC4466E5}.Release|Any CPU.Build.0 = Release|Any CPU
		{C09EF94A-4E0C-400D-9061-3EB1ACE5BE46}.Debug|Any CPU.ActiveCfg = Debug|Any CPU
		{C09EF94A-4E0C-400D-9061-3EB1ACE5BE46}.Debug|Any CPU.Build.0 = Debug|Any CPU
		{C09EF94A-4E0C-400D-9061-3EB1ACE5BE46}.Release|Any CPU.ActiveCfg = Release|Any CPU
		{C09EF94A-4E0C-400D-9061-3EB1ACE5BE46}.Release|Any CPU.Build.0 = Release|Any CPU
		{1AB6544A-3C1A-4CB9-B552-CD52B0BD5A05}.Debug|Any CPU.ActiveCfg = Debug|Any CPU
		{1AB6544A-3C1A-4CB9-B552-CD52B0BD5A05}.Debug|Any CPU.Build.0 = Debug|Any CPU
		{1AB6544A-3C1A-4CB9-B552-CD52B0BD5A05}.Release|Any CPU.ActiveCfg = Release|Any CPU
		{1AB6544A-3C1A-4CB9-B552-CD52B0BD5A05}.Release|Any CPU.Build.0 = Release|Any CPU
		{313B5A01-20F6-4A73-BFD6-50786D9FB9C5}.Debug|Any CPU.ActiveCfg = Debug|Any CPU
		{313B5A01-20F6-4A73-BFD6-50786D9FB9C5}.Debug|Any CPU.Build.0 = Debug|Any CPU
		{313B5A01-20F6-4A73-BFD6-50786D9FB9C5}.Release|Any CPU.ActiveCfg = Release|Any CPU
		{313B5A01-20F6-4A73-BFD6-50786D9FB9C5}.Release|Any CPU.Build.0 = Release|Any CPU
		{1DDB2059-6A6A-48E6-822B-881A9A4D0942}.Debug|Any CPU.ActiveCfg = Debug|Any CPU
		{1DDB2059-6A6A-48E6-822B-881A9A4D0942}.Debug|Any CPU.Build.0 = Debug|Any CPU
		{1DDB2059-6A6A-48E6-822B-881A9A4D0942}.Release|Any CPU.ActiveCfg = Release|Any CPU
		{1DDB2059-6A6A-48E6-822B-881A9A4D0942}.Release|Any CPU.Build.0 = Release|Any CPU
		{6BE92EBC-852E-453A-8361-6F70D5C5637E}.Debug|Any CPU.ActiveCfg = Debug|Any CPU
		{6BE92EBC-852E-453A-8361-6F70D5C5637E}.Debug|Any CPU.Build.0 = Debug|Any CPU
		{6BE92EBC-852E-453A-8361-6F70D5C5637E}.Release|Any CPU.ActiveCfg = Release|Any CPU
		{6BE92EBC-852E-453A-8361-6F70D5C5637E}.Release|Any CPU.Build.0 = Release|Any CPU
		{96D9F50B-EC6B-4560-A33C-0900F7399BA5}.Debug|Any CPU.ActiveCfg = Debug|Any CPU
		{96D9F50B-EC6B-4560-A33C-0900F7399BA5}.Debug|Any CPU.Build.0 = Debug|Any CPU
		{96D9F50B-EC6B-4560-A33C-0900F7399BA5}.Release|Any CPU.ActiveCfg = Release|Any CPU
		{96D9F50B-EC6B-4560-A33C-0900F7399BA5}.Release|Any CPU.Build.0 = Release|Any CPU
		{74E08933-0395-45F7-9D30-473E6B7544AE}.Debug|Any CPU.ActiveCfg = Debug|Any CPU
		{74E08933-0395-45F7-9D30-473E6B7544AE}.Debug|Any CPU.Build.0 = Debug|Any CPU
		{74E08933-0395-45F7-9D30-473E6B7544AE}.Release|Any CPU.ActiveCfg = Release|Any CPU
		{74E08933-0395-45F7-9D30-473E6B7544AE}.Release|Any CPU.Build.0 = Release|Any CPU
		{F03293C5-DF03-4534-980F-F63F81255EB7}.Debug|Any CPU.ActiveCfg = Debug|Any CPU
		{F03293C5-DF03-4534-980F-F63F81255EB7}.Debug|Any CPU.Build.0 = Debug|Any CPU
		{F03293C5-DF03-4534-980F-F63F81255EB7}.Release|Any CPU.ActiveCfg = Release|Any CPU
		{F03293C5-DF03-4534-980F-F63F81255EB7}.Release|Any CPU.Build.0 = Release|Any CPU
	EndGlobalSection
	GlobalSection(SolutionProperties) = preSolution
		HideSolutionNode = FALSE
	EndGlobalSection
	GlobalSection(NestedProjects) = preSolution
		{158990E2-A22F-4AA4-AE59-93A8DFBC19D3} = {353FDC1C-8DD0-4400-83B7-6E2C0DE80BBA}
		{4FAC1AF2-0168-4255-8FA2-74664A418E86} = {353FDC1C-8DD0-4400-83B7-6E2C0DE80BBA}
		{8EA40DE1-44C7-4DEE-9E4D-54323E40C43C} = {353FDC1C-8DD0-4400-83B7-6E2C0DE80BBA}
		{93873F63-898B-4067-9F93-A8E3DE1E78CB} = {353FDC1C-8DD0-4400-83B7-6E2C0DE80BBA}
		{EBC1178F-66B0-4F2B-9582-9351FC4466E5} = {353FDC1C-8DD0-4400-83B7-6E2C0DE80BBA}
		{C09EF94A-4E0C-400D-9061-3EB1ACE5BE46} = {73EF33E3-DB8D-4BCF-AF6D-F95E2AAB2C55}
		{1AB6544A-3C1A-4CB9-B552-CD52B0BD5A05} = {73EF33E3-DB8D-4BCF-AF6D-F95E2AAB2C55}
		{313B5A01-20F6-4A73-BFD6-50786D9FB9C5} = {73EF33E3-DB8D-4BCF-AF6D-F95E2AAB2C55}
		{1DDB2059-6A6A-48E6-822B-881A9A4D0942} = {73EF33E3-DB8D-4BCF-AF6D-F95E2AAB2C55}
		{6BE92EBC-852E-453A-8361-6F70D5C5637E} = {73EF33E3-DB8D-4BCF-AF6D-F95E2AAB2C55}
	EndGlobalSection
	GlobalSection(ExtensibilityGlobals) = postSolution
		SolutionGuid = {16418D38-D6FE-4A87-B8C0-63637F358E57}
	EndGlobalSection
EndGlobal
